
Microsoft Visual Studio Solution File, Format Version 12.00
# Visual Studio Version 17
VisualStudioVersion = 17.11.35208.52
MinimumVisualStudioVersion = 10.0.40219.1
Project("{FAE04EC0-301F-11D3-BF4B-00C04F79EFBC}") = "GorillaMirror", "GorillaMirror.csproj", "{D2074A14-DB0A-488E-A92F-1EC388548251}"
EndProject
Global
	GlobalSection(SolutionConfigurationPlatforms) = preSolution
		Debug|Any CPU = Debug|Any CPU
		Release|Any CPU = Release|Any CPU
	EndGlobalSection
	GlobalSection(ProjectConfigurationPlatforms) = postSolution
		{D2074A14-DB0A-488E-A92F-1EC388548251}.Debug|Any CPU.ActiveCfg = Debug|Any CPU
		{D2074A14-DB0A-488E-A92F-1EC388548251}.Debug|Any CPU.Build.0 = Debug|Any CPU
		{D2074A14-DB0A-488E-A92F-1EC388548251}.Release|Any CPU.ActiveCfg = Release|Any CPU
		{D2074A14-DB0A-488E-A92F-1EC388548251}.Release|Any CPU.Build.0 = Release|Any CPU
	EndGlobalSection
	GlobalSection(SolutionProperties) = preSolution
		HideSolutionNode = FALSE
	EndGlobalSection
	GlobalSection(ExtensibilityGlobals) = postSolution
		SolutionGuid = {AFA3D512-43EB-4973-8AD3-2FA2F2CD008F}
	EndGlobalSection
EndGlobal
